{
  "version": 4,
  "terraform_version": "1.4.3",
  "serial": 16,
  "lineage": "28d2dfd1-a9ff-41fa-c8cb-019a29f95e21",
  "outputs": {},
  "resources": [
    {
      "mode": "managed",
      "type": "local_file",
      "name": "exemplo",
      "provider": "provider[\"registry.terraform.io/hashicorp/local\"]",
      "instances": [
        {
          "schema_version": 0,
          "attributes": {
            "content": "test 6",
            "content_base64": null,
            "content_base64sha256": "IDNW5biYV9w4qe3LwRD8lIWCVAig2IwKtS1uikjsvtA=",
            "content_base64sha512": "+VVyHGQbRx2qiCrrP3cQmv+tozsLhcIjJtpgFIt8NBqe/KjWKssW9Rpab3CYFQe/0XR7ykL1M3nl77k5hyHPVQ==",
            "content_md5": "a08de28ba5a5446ea655b947bd271904",
            "content_sha1": "c2f65ca726e4d814368c2836cba0b2396f51005c",
            "content_sha256": "203356e5b89857dc38a9edcbc110fc9485825408a0d88c0ab52d6e8a48ecbed0",
            "content_sha512": "f955721c641b471daa882aeb3f77109affada33b0b85c22326da60148b7c341a9efca8d62acb16f51a5a6f70981507bfd1747bca42f53379e5efb9398721cf55",
            "directory_permission": "0777",
            "file_permission": "0777",
            "filename": "exemplo.exe",
            "id": "c2f65ca726e4d814368c2836cba0b2396f51005c",
            "sensitive_content": null,
            "source": null
          },
          "sensitive_attributes": []
        }
      ]
    }
  ],
  "check_results": null
}
